// !$*UTF8*$!
{
	archiveVersion = 1;
	classes = {
	};
	objectVersion = 55;
	objects = {

/* Begin PBXBuildFile section */
		17B0E123299A9522009D8254 /* AppDelegate.swift in Sources */ = {isa = PBXBuildFile; fileRef = 17B0E122299A9522009D8254 /* AppDelegate.swift */; };
		17B0E127299A9522009D8254 /* ViewController.swift in Sources */ = {isa = PBXBuildFile; fileRef = 17B0E126299A9522009D8254 /* ViewController.swift */; };
		17B0E12C299A9525009D8254 /* Assets.xcassets in Resources */ = {isa = PBXBuildFile; fileRef = 17B0E12B299A9525009D8254 /* Assets.xcassets */; };
		17B0E12F299A9525009D8254 /* LaunchScreen.storyboard in Resources */ = {isa = PBXBuildFile; fileRef = 17B0E12D299A9525009D8254 /* LaunchScreen.storyboard */; };
		17B0E13A299A9525009D8254 /* ViewPastTransfersTests.swift in Sources */ = {isa = PBXBuildFile; fileRef = 17B0E139299A9525009D8254 /* ViewPastTransfersTests.swift */; };
		17B0E144299A9525009D8254 /* ViewPastTransfersUITests.swift in Sources */ = {isa = PBXBuildFile; fileRef = 17B0E143299A9525009D8254 /* ViewPastTransfersUITests.swift */; };
		17B0E146299A9525009D8254 /* ViewPastTransfersUITestsLaunchTests.swift in Sources */ = {isa = PBXBuildFile; fileRef = 17B0E145299A9525009D8254 /* ViewPastTransfersUITestsLaunchTests.swift */; };
		17B0E153299AA481009D8254 /* TransactionCell.swift in Sources */ = {isa = PBXBuildFile; fileRef = 17B0E152299AA481009D8254 /* TransactionCell.swift */; };
		8215B6FF299D4FDE00B76130 /* AccountDetailsView.swift in Sources */ = {isa = PBXBuildFile; fileRef = 8215B6FE299D4FDE00B76130 /* AccountDetailsView.swift */; };
		8215B700299D4FDE00B76130 /* AccountDetailsView.swift in Sources */ = {isa = PBXBuildFile; fileRef = 8215B6FE299D4FDE00B76130 /* AccountDetailsView.swift */; };
		8215B701299D4FDE00B76130 /* AccountDetailsView.swift in Sources */ = {isa = PBXBuildFile; fileRef = 8215B6FE299D4FDE00B76130 /* AccountDetailsView.swift */; };
		825AB03B29A4057D005D158E /* RepeatTappedViewController.swift in Sources */ = {isa = PBXBuildFile; fileRef = 825AB03A29A4057D005D158E /* RepeatTappedViewController.swift */; };
		825AB03D29A40781005D158E /* PopOverTableViewController.swift in Sources */ = {isa = PBXBuildFile; fileRef = 825AB03C29A40781005D158E /* PopOverTableViewController.swift */; };
/* End PBXBuildFile section */

/* Begin PBXContainerItemProxy section */
		17B0E136299A9525009D8254 /* PBXContainerItemProxy */ = {
			isa = PBXContainerItemProxy;
			containerPortal = 17B0E117299A9522009D8254 /* Project object */;
			proxyType = 1;
			remoteGlobalIDString = 17B0E11E299A9522009D8254;
			remoteInfo = ViewPastTransfers;
		};
		17B0E140299A9525009D8254 /* PBXContainerItemProxy */ = {
			isa = PBXContainerItemProxy;
			containerPortal = 17B0E117299A9522009D8254 /* Project object */;
			proxyType = 1;
			remoteGlobalIDString = 17B0E11E299A9522009D8254;
			remoteInfo = ViewPastTransfers;
		};
/* End PBXContainerItemProxy section */

/* Begin PBXFileReference section */
		17B0E11F299A9522009D8254 /* ViewPastTransfers.app */ = {isa = PBXFileReference; explicitFileType = wrapper.application; includeInIndex = 0; path = ViewPastTransfers.app; sourceTree = BUILT_PRODUCTS_DIR; };
		17B0E122299A9522009D8254 /* AppDelegate.swift */ = {isa = PBXFileReference; lastKnownFileType = sourcecode.swift; path = AppDelegate.swift; sourceTree = "<group>"; };
		17B0E126299A9522009D8254 /* ViewController.swift */ = {isa = PBXFileReference; lastKnownFileType = sourcecode.swift; path = ViewController.swift; sourceTree = "<group>"; };
		17B0E12B299A9525009D8254 /* Assets.xcassets */ = {isa = PBXFileReference; lastKnownFileType = folder.assetcatalog; path = Assets.xcassets; sourceTree = "<group>"; };
		17B0E12E299A9525009D8254 /* Base */ = {isa = PBXFileReference; lastKnownFileType = file.storyboard; name = Base; path = Base.lproj/LaunchScreen.storyboard; sourceTree = "<group>"; };
		17B0E130299A9525009D8254 /* Info.plist */ = {isa = PBXFileReference; lastKnownFileType = text.plist.xml; path = Info.plist; sourceTree = "<group>"; };
		17B0E135299A9525009D8254 /* ViewPastTransfersTests.xctest */ = {isa = PBXFileReference; explicitFileType = wrapper.cfbundle; includeInIndex = 0; path = ViewPastTransfersTests.xctest; sourceTree = BUILT_PRODUCTS_DIR; };
		17B0E139299A9525009D8254 /* ViewPastTransfersTests.swift */ = {isa = PBXFileReference; lastKnownFileType = sourcecode.swift; path = ViewPastTransfersTests.swift; sourceTree = "<group>"; };
		17B0E13F299A9525009D8254 /* ViewPastTransfersUITests.xctest */ = {isa = PBXFileReference; explicitFileType = wrapper.cfbundle; includeInIndex = 0; path = ViewPastTransfersUITests.xctest; sourceTree = BUILT_PRODUCTS_DIR; };
		17B0E143299A9525009D8254 /* ViewPastTransfersUITests.swift */ = {isa = PBXFileReference; lastKnownFileType = sourcecode.swift; path = ViewPastTransfersUITests.swift; sourceTree = "<group>"; };
		17B0E145299A9525009D8254 /* ViewPastTransfersUITestsLaunchTests.swift */ = {isa = PBXFileReference; lastKnownFileType = sourcecode.swift; path = ViewPastTransfersUITestsLaunchTests.swift; sourceTree = "<group>"; };
		17B0E152299AA481009D8254 /* TransactionCell.swift */ = {isa = PBXFileReference; lastKnownFileType = sourcecode.swift; path = TransactionCell.swift; sourceTree = "<group>"; };
		8215B6FE299D4FDE00B76130 /* AccountDetailsView.swift */ = {isa = PBXFileReference; fileEncoding = 4; lastKnownFileType = sourcecode.swift; name = AccountDetailsView.swift; path = "../../Practice Project/ViewPastTransfer/ViewPastTransfer/View/AccountDetailsView.swift"; sourceTree = "<group>"; };
		825AB03A29A4057D005D158E /* RepeatTappedViewController.swift */ = {isa = PBXFileReference; lastKnownFileType = sourcecode.swift; path = RepeatTappedViewController.swift; sourceTree = "<group>"; };
		825AB03C29A40781005D158E /* PopOverTableViewController.swift */ = {isa = PBXFileReference; lastKnownFileType = sourcecode.swift; path = PopOverTableViewController.swift; sourceTree = "<group>"; };
/* End PBXFileReference section */

/* Begin PBXFrameworksBuildPhase section */
		17B0E11C299A9522009D8254 /* Frameworks */ = {
			isa = PBXFrameworksBuildPhase;
			buildActionMask = 2147483647;
			files = (
			);
			runOnlyForDeploymentPostprocessing = 0;
		};
		17B0E132299A9525009D8254 /* Frameworks */ = {
			isa = PBXFrameworksBuildPhase;
			buildActionMask = 2147483647;
			files = (
			);
			runOnlyForDeploymentPostprocessing = 0;
		};
		17B0E13C299A9525009D8254 /* Frameworks */ = {
			isa = PBXFrameworksBuildPhase;
			buildActionMask = 2147483647;
			files = (
			);
			runOnlyForDeploymentPostprocessing = 0;
		};
/* End PBXFrameworksBuildPhase section */

/* Begin PBXGroup section */
		17B0E116299A9522009D8254 = {
			isa = PBXGroup;
			children = (
				17B0E121299A9522009D8254 /* ViewPastTransfers */,
				17B0E138299A9525009D8254 /* ViewPastTransfersTests */,
				17B0E142299A9525009D8254 /* ViewPastTransfersUITests */,
				17B0E120299A9522009D8254 /* Products */,
			);
			sourceTree = "<group>";
		};
		17B0E120299A9522009D8254 /* Products */ = {
			isa = PBXGroup;
			children = (
				17B0E11F299A9522009D8254 /* ViewPastTransfers.app */,
				17B0E135299A9525009D8254 /* ViewPastTransfersTests.xctest */,
				17B0E13F299A9525009D8254 /* ViewPastTransfersUITests.xctest */,
			);
			name = Products;
			sourceTree = "<group>";
		};
		17B0E121299A9522009D8254 /* ViewPastTransfers */ = {
			isa = PBXGroup;
			children = (
				17B0E122299A9522009D8254 /* AppDelegate.swift */,
				17B0E126299A9522009D8254 /* ViewController.swift */,
				8215B6FE299D4FDE00B76130 /* AccountDetailsView.swift */,
				17B0E12B299A9525009D8254 /* Assets.xcassets */,
				17B0E12D299A9525009D8254 /* LaunchScreen.storyboard */,
				17B0E130299A9525009D8254 /* Info.plist */,
				17B0E152299AA481009D8254 /* TransactionCell.swift */,
				825AB03A29A4057D005D158E /* RepeatTappedViewController.swift */,
				825AB03C29A40781005D158E /* PopOverTableViewController.swift */,
			);
			path = ViewPastTransfers;
			sourceTree = "<group>";
		};
		17B0E138299A9525009D8254 /* ViewPastTransfersTests */ = {
			isa = PBXGroup;
			children = (
				17B0E139299A9525009D8254 /* ViewPastTransfersTests.swift */,
			);
			path = ViewPastTransfersTests;
			sourceTree = "<group>";
		};
		17B0E142299A9525009D8254 /* ViewPastTransfersUITests */ = {
			isa = PBXGroup;
			children = (
				17B0E143299A9525009D8254 /* ViewPastTransfersUITests.swift */,
				17B0E145299A9525009D8254 /* ViewPastTransfersUITestsLaunchTests.swift */,
			);
			path = ViewPastTransfersUITests;
			sourceTree = "<group>";
		};
/* End PBXGroup section */

/* Begin PBXNativeTarget section */
		17B0E11E299A9522009D8254 /* ViewPastTransfers */ = {
			isa = PBXNativeTarget;
			buildConfigurationList = 17B0E149299A9525009D8254 /* Build configuration list for PBXNativeTarget "ViewPastTransfers" */;
			buildPhases = (
				17B0E11B299A9522009D8254 /* Sources */,
				17B0E11C299A9522009D8254 /* Frameworks */,
				17B0E11D299A9522009D8254 /* Resources */,
			);
			buildRules = (
			);
			dependencies = (
			);
			name = ViewPastTransfers;
			productName = ViewPastTransfers;
			productReference = 17B0E11F299A9522009D8254 /* ViewPastTransfers.app */;
			productType = "com.apple.product-type.application";
		};
		17B0E134299A9525009D8254 /* ViewPastTransfersTests */ = {
			isa = PBXNativeTarget;
			buildConfigurationList = 17B0E14C299A9525009D8254 /* Build configuration list for PBXNativeTarget "ViewPastTransfersTests" */;
			buildPhases = (
				17B0E131299A9525009D8254 /* Sources */,
				17B0E132299A9525009D8254 /* Frameworks */,
				17B0E133299A9525009D8254 /* Resources */,
			);
			buildRules = (
			);
			dependencies = (
				17B0E137299A9525009D8254 /* PBXTargetDependency */,
			);
			name = ViewPastTransfersTests;
			productName = ViewPastTransfersTests;
			productReference = 17B0E135299A9525009D8254 /* ViewPastTransfersTests.xctest */;
			productType = "com.apple.product-type.bundle.unit-test";
		};
		17B0E13E299A9525009D8254 /* ViewPastTransfersUITests */ = {
			isa = PBXNativeTarget;
			buildConfigurationList = 17B0E14F299A9525009D8254 /* Build configuration list for PBXNativeTarget "ViewPastTransfersUITests" */;
			buildPhases = (
				17B0E13B299A9525009D8254 /* Sources */,
				17B0E13C299A9525009D8254 /* Frameworks */,
				17B0E13D299A9525009D8254 /* Resources */,
			);
			buildRules = (
			);
			dependencies = (
				17B0E141299A9525009D8254 /* PBXTargetDependency */,
			);
			name = ViewPastTransfersUITests;
			productName = ViewPastTransfersUITests;
			productReference = 17B0E13F299A9525009D8254 /* ViewPastTransfersUITests.xctest */;
			productType = "com.apple.product-type.bundle.ui-testing";
		};
/* End PBXNativeTarget section */

/* Begin PBXProject section */
		17B0E117299A9522009D8254 /* Project object */ = {
			isa = PBXProject;
			attributes = {
				BuildIndependentTargetsInParallel = 1;
				LastSwiftUpdateCheck = 1340;
				LastUpgradeCheck = 1340;
				TargetAttributes = {
					17B0E11E299A9522009D8254 = {
						CreatedOnToolsVersion = 13.4;
					};
					17B0E134299A9525009D8254 = {
						CreatedOnToolsVersion = 13.4;
						TestTargetID = 17B0E11E299A9522009D8254;
					};
					17B0E13E299A9525009D8254 = {
						CreatedOnToolsVersion = 13.4;
						TestTargetID = 17B0E11E299A9522009D8254;
					};
				};
			};
			buildConfigurationList = 17B0E11A299A9522009D8254 /* Build configuration list for PBXProject "ViewPastTransfers" */;
			compatibilityVersion = "Xcode 13.0";
			developmentRegion = en;
			hasScannedForEncodings = 0;
			knownRegions = (
				en,
				Base,
			);
			mainGroup = 17B0E116299A9522009D8254;
			productRefGroup = 17B0E120299A9522009D8254 /* Products */;
			projectDirPath = "";
			projectRoot = "";
			targets = (
				17B0E11E299A9522009D8254 /* ViewPastTransfers */,
				17B0E134299A9525009D8254 /* ViewPastTransfersTests */,
				17B0E13E299A9525009D8254 /* ViewPastTransfersUITests */,
			);
		};
/* End PBXProject section */

/* Begin PBXResourcesBuildPhase section */
		17B0E11D299A9522009D8254 /* Resources */ = {
			isa = PBXResourcesBuildPhase;
			buildActionMask = 2147483647;
			files = (
				17B0E12F299A9525009D8254 /* LaunchScreen.storyboard in Resources */,
				17B0E12C299A9525009D8254 /* Assets.xcassets in Resources */,
			);
			runOnlyForDeploymentPostprocessing = 0;
		};
		17B0E133299A9525009D8254 /* Resources */ = {
			isa = PBXResourcesBuildPhase;
			buildActionMask = 2147483647;
			files = (
			);
			runOnlyForDeploymentPostprocessing = 0;
		};
		17B0E13D299A9525009D8254 /* Resources */ = {
			isa = PBXResourcesBuildPhase;
			buildActionMask = 2147483647;
			files = (
			);
			runOnlyForDeploymentPostprocessing = 0;
		};
/* End PBXResourcesBuildPhase section */

/* Begin PBXSourcesBuildPhase section */
		17B0E11B299A9522009D8254 /* Sources */ = {
			isa = PBXSourcesBuildPhase;
			buildActionMask = 2147483647;
			files = (
				825AB03B29A4057D005D158E /* RepeatTappedViewController.swift in Sources */,
				17B0E127299A9522009D8254 /* ViewController.swift in Sources */,
				825AB03D29A40781005D158E /* PopOverTableViewController.swift in Sources */,
				8215B6FF299D4FDE00B76130 /* AccountDetailsView.swift in Sources */,
				17B0E123299A9522009D8254 /* AppDelegate.swift in Sources */,
				17B0E153299AA481009D8254 /* TransactionCell.swift in Sources */,
			);
			runOnlyForDeploymentPostprocessing = 0;
		};
		17B0E131299A9525009D8254 /* Sources */ = {
			isa = PBXSourcesBuildPhase;
			buildActionMask = 2147483647;
			files = (
				17B0E13A299A9525009D8254 /* ViewPastTransfersTests.swift in Sources */,
				8215B700299D4FDE00B76130 /* AccountDetailsView.swift in Sources */,
			);
			runOnlyForDeploymentPostprocessing = 0;
		};
		17B0E13B299A9525009D8254 /* Sources */ = {
			isa = PBXSourcesBuildPhase;
			buildActionMask = 2147483647;
			files = (
				17B0E146299A9525009D8254 /* ViewPastTransfersUITestsLaunchTests.swift in Sources */,
				17B0E144299A9525009D8254 /* ViewPastTransfersUITests.swift in Sources */,
				8215B701299D4FDE00B76130 /* AccountDetailsView.swift in Sources */,
			);
			runOnlyForDeploymentPostprocessing = 0;
		};
/* End PBXSourcesBuildPhase section */

/* Begin PBXTargetDependency section */
		17B0E137299A9525009D8254 /* PBXTargetDependency */ = {
			isa = PBXTargetDependency;
			target = 17B0E11E299A9522009D8254 /* ViewPastTransfers */;
			targetProxy = 17B0E136299A9525009D8254 /* PBXContainerItemProxy */;
		};
		17B0E141299A9525009D8254 /* PBXTargetDependency */ = {
			isa = PBXTargetDependency;
			target = 17B0E11E299A9522009D8254 /* ViewPastTransfers */;
			targetProxy = 17B0E140299A9525009D8254 /* PBXContainerItemProxy */;
		};
/* End PBXTargetDependency section */

/* Begin PBXVariantGroup section */
		17B0E12D299A9525009D8254 /* LaunchScreen.storyboard */ = {
			isa = PBXVariantGroup;
			children = (
				17B0E12E299A9525009D8254 /* Base */,
			);
			name = LaunchScreen.storyboard;
			sourceTree = "<group>";
		};
/* End PBXVariantGroup section */

/* Begin XCBuildConfiguration section */
		17B0E147299A9525009D8254 /* Debug */ = {
			isa = XCBuildConfiguration;
			buildSettings = {
				ALWAYS_SEARCH_USER_PATHS = NO;
				CLANG_ANALYZER_NONNULL = YES;
				CLANG_ANALYZER_NUMBER_OBJECT_CONVERSION = YES_AGGRESSIVE;
				CLANG_CXX_LANGUAGE_STANDARD = "gnu++17";
				CLANG_ENABLE_MODULES = YES;
				CLANG_ENABLE_OBJC_ARC = YES;
				CLANG_ENABLE_OBJC_WEAK = YES;
				CLANG_WARN_BLOCK_CAPTURE_AUTORELEASING = YES;
				CLANG_WARN_BOOL_CONVERSION = YES;
				CLANG_WARN_COMMA = YES;
				CLANG_WARN_CONSTANT_CONVERSION = YES;
				CLANG_WARN_DEPRECATED_OBJC_IMPLEMENTATIONS = YES;
				CLANG_WARN_DIRECT_OBJC_ISA_USAGE = YES_ERROR;
				CLANG_WARN_DOCUMENTATION_COMMENTS = YES;
				CLANG_WARN_EMPTY_BODY = YES;
				CLANG_WARN_ENUM_CONVERSION = YES;
				CLANG_WARN_INFINITE_RECURSION = YES;
				CLANG_WARN_INT_CONVERSION = YES;
				CLANG_WARN_NON_LITERAL_NULL_CONVERSION = YES;
				CLANG_WARN_OBJC_IMPLICIT_RETAIN_SELF = YES;
				CLANG_WARN_OBJC_LITERAL_CONVERSION = YES;
				CLANG_WARN_OBJC_ROOT_CLASS = YES_ERROR;
				CLANG_WARN_QUOTED_INCLUDE_IN_FRAMEWORK_HEADER = YES;
				CLANG_WARN_RANGE_LOOP_ANALYSIS = YES;
				CLANG_WARN_STRICT_PROTOTYPES = YES;
				CLANG_WARN_SUSPICIOUS_MOVE = YES;
				CLANG_WARN_UNGUARDED_AVAILABILITY = YES_AGGRESSIVE;
				CLANG_WARN_UNREACHABLE_CODE = YES;
				CLANG_WARN__DUPLICATE_METHOD_MATCH = YES;
				COPY_PHASE_STRIP = NO;
				DEBUG_INFORMATION_FORMAT = dwarf;
				ENABLE_STRICT_OBJC_MSGSEND = YES;
				ENABLE_TESTABILITY = YES;
				GCC_C_LANGUAGE_STANDARD = gnu11;
				GCC_DYNAMIC_NO_PIC = NO;
				GCC_NO_COMMON_BLOCKS = YES;
				GCC_OPTIMIZATION_LEVEL = 0;
				GCC_PREPROCESSOR_DEFINITIONS = (
					"DEBUG=1",
					"$(inherited)",
				);
				GCC_WARN_64_TO_32_BIT_CONVERSION = YES;
				GCC_WARN_ABOUT_RETURN_TYPE = YES_ERROR;
				GCC_WARN_UNDECLARED_SELECTOR = YES;
				GCC_WARN_UNINITIALIZED_AUTOS = YES_AGGRESSIVE;
				GCC_WARN_UNUSED_FUNCTION = YES;
				GCC_WARN_UNUSED_VARIABLE = YES;
				IPHONEOS_DEPLOYMENT_TARGET = 15.5;
				MTL_ENABLE_DEBUG_INFO = INCLUDE_SOURCE;
				MTL_FAST_MATH = YES;
				ONLY_ACTIVE_ARCH = YES;
				SDKROOT = iphoneos;
				SWIFT_ACTIVE_COMPILATION_CONDITIONS = DEBUG;
				SWIFT_OPTIMIZATION_LEVEL = "-Onone";
			};
			name = Debug;
		};
		17B0E148299A9525009D8254 /* Release */ = {
			isa = XCBuildConfiguration;
			buildSettings = {
				ALWAYS_SEARCH_USER_PATHS = NO;
				CLANG_ANALYZER_NONNULL = YES;
				CLANG_ANALYZER_NUMBER_OBJECT_CONVERSION = YES_AGGRESSIVE;
				CLANG_CXX_LANGUAGE_STANDARD = "gnu++17";
				CLANG_ENABLE_MODULES = YES;
				CLANG_ENABLE_OBJC_ARC = YES;
				CLANG_ENABLE_OBJC_WEAK = YES;
				CLANG_WARN_BLOCK_CAPTURE_AUTORELEASING = YES;
				CLANG_WARN_BOOL_CONVERSION = YES;
				CLANG_WARN_COMMA = YES;
				CLANG_WARN_CONSTANT_CONVERSION = YES;
				CLANG_WARN_DEPRECATED_OBJC_IMPLEMENTATIONS = YES;
				CLANG_WARN_DIRECT_OBJC_ISA_USAGE = YES_ERROR;
				CLANG_WARN_DOCUMENTATION_COMMENTS = YES;
				CLANG_WARN_EMPTY_BODY = YES;
				CLANG_WARN_ENUM_CONVERSION = YES;
				CLANG_WARN_INFINITE_RECURSION = YES;
				CLANG_WARN_INT_CONVERSION = YES;
				CLANG_WARN_NON_LITERAL_NULL_CONVERSION = YES;
				CLANG_WARN_OBJC_IMPLICIT_RETAIN_SELF = YES;
				CLANG_WARN_OBJC_LITERAL_CONVERSION = YES;
				CLANG_WARN_OBJC_ROOT_CLASS = YES_ERROR;
				CLANG_WARN_QUOTED_INCLUDE_IN_FRAMEWORK_HEADER = YES;
				CLANG_WARN_RANGE_LOOP_ANALYSIS = YES;
				CLANG_WARN_STRICT_PROTOTYPES = YES;
				CLANG_WARN_SUSPICIOUS_MOVE = YES;
				CLANG_WARN_UNGUARDED_AVAILABILITY = YES_AGGRESSIVE;
				CLANG_WARN_UNREACHABLE_CODE = YES;
				CLANG_WARN__DUPLICATE_METHOD_MATCH = YES;
				COPY_PHASE_STRIP = NO;
				DEBUG_INFORMATION_FORMAT = "dwarf-with-dsym";
				ENABLE_NS_ASSERTIONS = NO;
				ENABLE_STRICT_OBJC_MSGSEND = YES;
				GCC_C_LANGUAGE_STANDARD = gnu11;
				GCC_NO_COMMON_BLOCKS = YES;
				GCC_WARN_64_TO_32_BIT_CONVERSION = YES;
				GCC_WARN_ABOUT_RETURN_TYPE = YES_ERROR;
				GCC_WARN_UNDECLARED_SELECTOR = YES;
				GCC_WARN_UNINITIALIZED_AUTOS = YES_AGGRESSIVE;
				GCC_WARN_UNUSED_FUNCTION = YES;
				GCC_WARN_UNUSED_VARIABLE = YES;
				IPHONEOS_DEPLOYMENT_TARGET = 15.5;
				MTL_ENABLE_DEBUG_INFO = NO;
				MTL_FAST_MATH = YES;
				SDKROOT = iphoneos;
				SWIFT_COMPILATION_MODE = wholemodule;
				SWIFT_OPTIMIZATION_LEVEL = "-O";
				VALIDATE_PRODUCT = YES;
			};
			name = Release;
		};
		17B0E14A299A9525009D8254 /* Debug */ = {
			isa = XCBuildConfiguration;
			buildSettings = {
				ASSETCATALOG_COMPILER_APPICON_NAME = AppIcon;
				ASSETCATALOG_COMPILER_GLOBAL_ACCENT_COLOR_NAME = AccentColor;
				CODE_SIGN_STYLE = Automatic;
				CURRENT_PROJECT_VERSION = 1;
				GENERATE_INFOPLIST_FILE = YES;
				INFOPLIST_FILE = ViewPastTransfers/Info.plist;
				INFOPLIST_KEY_UIApplicationSupportsIndirectInputEvents = YES;
				INFOPLIST_KEY_UILaunchStoryboardName = LaunchScreen;
				INFOPLIST_KEY_UISupportedInterfaceOrientations_iPad = "UIInterfaceOrientationPortrait UIInterfaceOrientationPortraitUpsideDown UIInterfaceOrientationLandscapeLeft UIInterfaceOrientationLandscapeRight";
				INFOPLIST_KEY_UISupportedInterfaceOrientations_iPhone = "UIInterfaceOrientationPortrait UIInterfaceOrientationLandscapeLeft UIInterfaceOrientationLandscapeRight";
				LD_RUNPATH_SEARCH_PATHS = (
					"$(inherited)",
					"@executable_path/Frameworks",
				);
				MARKETING_VERSION = 1.0;
				PRODUCT_BUNDLE_IDENTIFIER = com.shubham.ViewPastTransfers;
				PRODUCT_NAME = "$(TARGET_NAME)";
				SWIFT_EMIT_LOC_STRINGS = YES;
				SWIFT_VERSION = 5.0;
				TARGETED_DEVICE_FAMILY = "1,2";
			};
			name = Debug;
		};
		17B0E14B299A9525009D8254 /* Release */ = {
			isa = XCBuildConfiguration;
			buildSettings = {
				ASSETCATALOG_COMPILER_APPICON_NAME = AppIcon;
				ASSETCATALOG_COMPILER_GLOBAL_ACCENT_COLOR_NAME = AccentColor;
				CODE_SIGN_STYLE = Automatic;
				CURRENT_PROJECT_VERSION = 1;
				GENERATE_INFOPLIST_FILE = YES;
				INFOPLIST_FILE = ViewPastTransfers/Info.plist;
				INFOPLIST_KEY_UIApplicationSupportsIndirectInputEvents = YES;
				INFOPLIST_KEY_UILaunchStoryboardName = LaunchScreen;
				INFOPLIST_KEY_UISupportedInterfaceOrientations_iPad = "UIInterfaceOrientationPortrait UIInterfaceOrientationPortraitUpsideDown UIInterfaceOrientationLandscapeLeft UIInterfaceOrientationLandscapeRight";
				INFOPLIST_KEY_UISupportedInterfaceOrientations_iPhone = "UIInterfaceOrientationPortrait UIInterfaceOrientationLandscapeLeft UIInterfaceOrientationLandscapeRight";
				LD_RUNPATH_SEARCH_PATHS = (
					"$(inherited)",
					"@executable_path/Frameworks",
				);
				MARKETING_VERSION = 1.0;
				PRODUCT_BUNDLE_IDENTIFIER = com.shubham.ViewPastTransfers;
				PRODUCT_NAME = "$(TARGET_NAME)";
				SWIFT_EMIT_LOC_STRINGS = YES;
				SWIFT_VERSION = 5.0;
				TARGETED_DEVICE_FAMILY = "1,2";
			};
			name = Release;
		};
		17B0E14D299A9525009D8254 /* Debug */ = {
			isa = XCBuildConfiguration;
			buildSettings = {
				ALWAYS_EMBED_SWIFT_STANDARD_LIBRARIES = YES;
				BUNDLE_LOADER = "$(TEST_HOST)";
				CODE_SIGN_STYLE = Automatic;
				CURRENT_PROJECT_VERSION = 1;
				GENERATE_INFOPLIST_FILE = YES;
				IPHONEOS_DEPLOYMENT_TARGET = 15.5;
				MARKETING_VERSION = 1.0;
				PRODUCT_BUNDLE_IDENTIFIER = com.shubham.ViewPastTransfersTests;
				PRODUCT_NAME = "$(TARGET_NAME)";
				SWIFT_EMIT_LOC_STRINGS = NO;
				SWIFT_VERSION = 5.0;
				TARGETED_DEVICE_FAMILY = "1,2";
				TEST_HOST = "$(BUILT_PRODUCTS_DIR)/ViewPastTransfers.app/ViewPastTransfers";
			};
			name = Debug;
		};
		17B0E14E299A9525009D8254 /* Release */ = {
			isa = XCBuildConfiguration;
			buildSettings = {
				ALWAYS_EMBED_SWIFT_STANDARD_LIBRARIES = YES;
				BUNDLE_LOADER = "$(TEST_HOST)";
				CODE_SIGN_STYLE = Automatic;
				CURRENT_PROJECT_VERSION = 1;
				GENERATE_INFOPLIST_FILE = YES;
				IPHONEOS_DEPLOYMENT_TARGET = 15.5;
				MARKETING_VERSION = 1.0;
				PRODUCT_BUNDLE_IDENTIFIER = com.shubham.ViewPastTransfersTests;
				PRODUCT_NAME = "$(TARGET_NAME)";
				SWIFT_EMIT_LOC_STRINGS = NO;
				SWIFT_VERSION = 5.0;
				TARGETED_DEVICE_FAMILY = "1,2";
				TEST_HOST = "$(BUILT_PRODUCTS_DIR)/ViewPastTransfers.app/ViewPastTransfers";
			};
			name = Release;
		};
		17B0E150299A9525009D8254 /* Debug */ = {
			isa = XCBuildConfiguration;
			buildSettings = {
				ALWAYS_EMBED_SWIFT_STANDARD_LIBRARIES = YES;
				CODE_SIGN_STYLE = Automatic;
				CURRENT_PROJECT_VERSION = 1;
				GENERATE_INFOPLIST_FILE = YES;
				MARKETING_VERSION = 1.0;
				PRODUCT_BUNDLE_IDENTIFIER = com.shubham.ViewPastTransfersUITests;
				PRODUCT_NAME = "$(TARGET_NAME)";
				SWIFT_EMIT_LOC_STRINGS = NO;
				SWIFT_VERSION = 5.0;
				TARGETED_DEVICE_FAMILY = "1,2";
				TEST_TARGET_NAME = ViewPastTransfers;
			};
			name = Debug;
		};
		17B0E151299A9525009D8254 /* Release */ = {
			isa = XCBuildConfiguration;
			buildSettings = {
				ALWAYS_EMBED_SWIFT_STANDARD_LIBRARIES = YES;
				CODE_SIGN_STYLE = Automatic;
				CURRENT_PROJECT_VERSION = 1;
				GENERATE_INFOPLIST_FILE = YES;
				MARKETING_VERSION = 1.0;
				PRODUCT_BUNDLE_IDENTIFIER = com.shubham.ViewPastTransfersUITests;
				PRODUCT_NAME = "$(TARGET_NAME)";
				SWIFT_EMIT_LOC_STRINGS = NO;
				SWIFT_VERSION = 5.0;
				TARGETED_DEVICE_FAMILY = "1,2";
				TEST_TARGET_NAME = ViewPastTransfers;
			};
			name = Release;
		};
/* End XCBuildConfiguration section */

/* Begin XCConfigurationList section */
		17B0E11A299A9522009D8254 /* Build configuration list for PBXProject "ViewPastTransfers" */ = {
			isa = XCConfigurationList;
			buildConfigurations = (
				17B0E147299A9525009D8254 /* Debug */,
				17B0E148299A9525009D8254 /* Release */,
			);
			defaultConfigurationIsVisible = 0;
			defaultConfigurationName = Release;
		};
		17B0E149299A9525009D8254 /* Build configuration list for PBXNativeTarget "ViewPastTransfers" */ = {
			isa = XCConfigurationList;
			buildConfigurations = (
				17B0E14A299A9525009D8254 /* Debug */,
				17B0E14B299A9525009D8254 /* Release */,
			);
			defaultConfigurationIsVisible = 0;
			defaultConfigurationName = Release;
		};
		17B0E14C299A9525009D8254 /* Build configuration list for PBXNativeTarget "ViewPastTransfersTests" */ = {
			isa = XCConfigurationList;
			buildConfigurations = (
				17B0E14D299A9525009D8254 /* Debug */,
				17B0E14E299A9525009D8254 /* Release */,
			);
			defaultConfigurationIsVisible = 0;
			defaultConfigurationName = Release;
		};
		17B0E14F299A9525009D8254 /* Build configuration list for PBXNativeTarget "ViewPastTransfersUITests" */ = {
			isa = XCConfigurationList;
			buildConfigurations = (
				17B0E150299A9525009D8254 /* Debug */,
				17B0E151299A9525009D8254 /* Release */,
			);
			defaultConfigurationIsVisible = 0;
			defaultConfigurationName = Release;
		};
/* End XCConfigurationList section */
	};
	rootObject = 17B0E117299A9522009D8254 /* Project object */;
}
